<?xml version="1.0" encoding="UTF-8" standalone="yes" ?>
<CodeBlocks_project_file>
	<FileVersion major="1" minor="6" />
	<Project>
		<Option title="zdoom" />
		<Option pch_mode="2" />
		<Option compiler="old_gnu_gcc_compiler" />
		<Build>
			<Target title="Release Win32">
				<Option output="Release/zdoom" prefix_auto="1" extension_auto="1" />
				<Option object_output="Release" />
				<Option type="0" />
				<Option compiler="old_gnu_gcc_compiler" />
				<Compiler>
					<Add option="-DNDEBUG -march=i486 -mtune=i486 -Wall -Wno-unused -O3 -fomit-frame-pointer -pipe" />
					<Add directory="src/win32" />
					<Add directory="src/sound" />
					<Add directory="src" />
					<Add directory="zlib" />
					<Add directory="src/g_shared" />
					<Add directory="src/g_doom" />
					<Add directory="src/g_raven" />
					<Add directory="src/g_heretic" />
					<Add directory="src/g_hexen" />
					<Add directory="src/g_strife" />
					<Add directory="flac" />
					<Add directory="src/win32;$(NoInherit)" />
				</Compiler>
				<ResourceCompiler>
					<Add directory="src/win32" />
					<Add directory="src/sound" />
					<Add directory="src" />
					<Add directory="zlib" />
					<Add directory="src/g_shared" />
					<Add directory="src/g_doom" />
					<Add directory="src/g_raven" />
					<Add directory="src/g_heretic" />
					<Add directory="src/g_hexen" />
					<Add directory="src/g_strife" />
					<Add directory="flac" />
				</ResourceCompiler>
				<Linker>
					<Add option="-s -Wl,-Map=zdoomgcc.map -Wl,--gc-sections" />
					<Add library="gdi32" />
					<Add library="user32" />
					<Add library="comctl32" />
					<Add library="shell32" />
					<Add library="advapi32" />
					<Add library="comdlg32" />
					<Add library="ole32" />
					<Add library="dxguid" />
					<Add library="dsound" />
					<Add library="ddraw" />
					<Add library="dinput8" />
					<Add library="strmiids" />
					<Add library="wsock32" />
					<Add library="winmm" />
					<Add library="fmodvc" />
					<Add library="setupapi" />
					<Add library="ws2_32" />
					<Add library="libflac.a" />
					<Add library="libz.a" />
				</Linker>
			</Target>
			<Target title="Debug Win32">
				<Option output="Release/zdoomd" prefix_auto="1" extension_auto="1" />
				<Option object_output="Debug" />
				<Option type="0" />
				<Option compiler="old_gnu_gcc_compiler" />
				<Compiler>
					<Add option="-D_DEBUG -Wall -Wno-unused -g3" />
					<Add directory="src/win32" />
					<Add directory="src/sound" />
					<Add directory="src" />
					<Add directory="zlib" />
					<Add directory="src/g_shared" />
					<Add directory="src/g_doom" />
					<Add directory="src/g_raven" />
					<Add directory="src/g_heretic" />
					<Add directory="src/g_hexen" />
					<Add directory="src/g_strife" />
					<Add directory="flac" />
					<Add directory="src/win32;$(NoInherit)" />
				</Compiler>
				<ResourceCompiler>
					<Add directory="src/win32" />
					<Add directory="src/sound" />
					<Add directory="src" />
					<Add directory="zlib" />
					<Add directory="src/g_shared" />
					<Add directory="src/g_doom" />
					<Add directory="src/g_raven" />
					<Add directory="src/g_heretic" />
					<Add directory="src/g_hexen" />
					<Add directory="src/g_strife" />
					<Add directory="flac" />
				</ResourceCompiler>
				<Linker>
					<Add library="gdi32" />
					<Add library="user32" />
					<Add library="comctl32" />
					<Add library="shell32" />
					<Add library="advapi32" />
					<Add library="comdlg32" />
					<Add library="ole32" />
					<Add library="dxguid" />
					<Add library="dsound" />
					<Add library="ddraw" />
					<Add library="dinput8" />
					<Add library="strmiids" />
					<Add library="wsock32" />
					<Add library="winmm" />
					<Add library="fmodvc" />
					<Add library="setupapi" />
					<Add library="ws2_32" />
					<Add library="libflac.a" />
					<Add library="libz.a" />
				</Linker>
			</Target>
		</Build>
		<Compiler>
			<Add option="-DWIN32 -D_WIN32 -D_WINDOWS -DHAVE_STRUPR -DHAVE_FILELENGTH -DI_DO_NOT_LIKE_BIG_DOWNLOADS -D__forceinline=inline -MMD -Izlib -IFLAC -Isrc -Isrc/win32 -Isrc/g_doom -Isrc/g_heretic -I src/g_hexen -Isrc/g_raven -Isrc/g_strife -Isrc/g_shared -Isrc/oplsynth -Isrc/sound" />
			<Add directory="C:/DEV/dx80_mgw/include" />
			<Add directory="C:/DEV/fmodapi375win/api/inc" />
		</Compiler>
		<Linker>
			<Add option="-Wl,--subsystem,windows" />
			<Add directory="C:/DEV/dx80_mgw/lib" />
			<Add directory="C:/DEV/fmodapi375win/api/lib" />
			<Add directory="FLAC" />
			<Add directory="zlib" />
		</Linker>
		<Unit filename="docs/BUILDLIC.TXT" />
		<Unit filename="docs/classes.txt" />
		<Unit filename="docs/colors.txt" />
		<Unit filename="docs/commands.txt" />
		<Unit filename="docs/console.html" />
		<Unit filename="docs/doomlic.txt" />
		<Unit filename="docs/history.txt" />
		<Unit filename="docs/notes.txt" />
		<Unit filename="docs/rh-log.txt" />
		<Unit filename="docs/zdoom.txt" />
		<Unit filename="src/a.nas">
			<Option compile="1" />
			<Option link="1" />
		</Unit>
		<Unit filename="src/actor.h" />
		<Unit filename="src/am_map.cpp" />
		<Unit filename="src/am_map.h" />
		<Unit filename="src/announcer.h" />
		<Unit filename="src/autosegs.h" />
		<Unit filename="src/autostart.cpp" />
		<Unit filename="src/autozend.cpp" />
		<Unit filename="src/b_bot.cpp" />
		<Unit filename="src/b_bot.h" />
		<Unit filename="src/b_func.cpp" />
		<Unit filename="src/b_game.cpp" />
		<Unit filename="src/b_move.cpp" />
		<Unit filename="src/b_think.cpp" />
		<Unit filename="src/basicinlines.h" />
		<Unit filename="src/bbannouncer.cpp" />
		<Unit filename="src/c_bind.cpp" />
		<Unit filename="src/c_bind.h" />
		<Unit filename="src/c_cmds.cpp" />
		<Unit filename="src/c_console.cpp" />
		<Unit filename="src/c_console.h" />
		<Unit filename="src/c_cvars.cpp" />
		<Unit filename="src/c_cvars.h" />
		<Unit filename="src/c_dispatch.cpp" />
		<Unit filename="src/c_dispatch.h" />
		<Unit filename="src/c_expr.cpp" />
		<Unit filename="src/cmdlib.cpp" />
		<Unit filename="src/cmdlib.h" />
		<Unit filename="src/colormatcher.cpp" />
		<Unit filename="src/colormatcher.h" />
		<Unit filename="src/configfile.cpp" />
		<Unit filename="src/configfile.h" />
		<Unit filename="src/ct_chat.cpp" />
		<Unit filename="src/d_dehacked.cpp" />
		<Unit filename="src/d_dehacked.h" />
		<Unit filename="src/d_dehackedactions.h" />
		<Unit filename="src/d_event.h" />
		<Unit filename="src/d_gui.h" />
		<Unit filename="src/d_main.cpp" />
		<Unit filename="src/d_main.h" />
		<Unit filename="src/d_net.cpp" />
		<Unit filename="src/d_net.h" />
		<Unit filename="src/d_netinf.h" />
		<Unit filename="src/d_netinfo.cpp" />
		<Unit filename="src/d_player.h" />
		<Unit filename="src/d_protocol.cpp" />
		<Unit filename="src/d_protocol.h" />
		<Unit filename="src/d_textur.h" />
		<Unit filename="src/d_ticcmd.h" />
		<Unit filename="src/decallib.cpp" />
		<Unit filename="src/decallib.h" />
		<Unit filename="src/decorations.cpp" />
		<Unit filename="src/dobject.cpp" />
		<Unit filename="src/dobject.h" />
		<Unit filename="src/dobjtype.cpp" />
		<Unit filename="src/dobjtype.h" />
		<Unit filename="src/doomdata.h" />
		<Unit filename="src/doomdef.cpp" />
		<Unit filename="src/doomdef.h" />
		<Unit filename="src/doomerrors.h" />
		<Unit filename="src/doomstat.cpp" />
		<Unit filename="src/doomstat.h" />
		<Unit filename="src/doomtype.h" />
		<Unit filename="src/dsectoreffect.cpp" />
		<Unit filename="src/dsectoreffect.h" />
		<Unit filename="src/dthinker.cpp" />
		<Unit filename="src/dthinker.h" />
		<Unit filename="src/f_finale.cpp" />
		<Unit filename="src/f_finale.h" />
		<Unit filename="src/f_wipe.cpp" />
		<Unit filename="src/f_wipe.h" />
		<Unit filename="src/farchive.cpp" />
		<Unit filename="src/farchive.h" />
		<Unit filename="src/files.cpp" />
		<Unit filename="src/files.h" />
		<Unit filename="src/g_doom/a_arachnotron.cpp" />
		<Unit filename="src/g_doom/a_archvile.cpp" />
		<Unit filename="src/g_doom/a_bossbrain.cpp" />
		<Unit filename="src/g_doom/a_bruiser.cpp" />
		<Unit filename="src/g_doom/a_cacodemon.cpp" />
		<Unit filename="src/g_doom/a_cyberdemon.cpp" />
		<Unit filename="src/g_doom/a_demon.cpp" />
		<Unit filename="src/g_doom/a_doomartifacts.cpp" />
		<Unit filename="src/g_doom/a_doomglobal.h" />
		<Unit filename="src/g_doom/a_doomimp.cpp" />
		<Unit filename="src/g_doom/a_doommisc.cpp" />
		<Unit filename="src/g_doom/a_doomplayer.cpp" />
		<Unit filename="src/g_doom/a_doomweaps.cpp" />
		<Unit filename="src/g_doom/a_fatso.cpp" />
		<Unit filename="src/g_doom/a_keen.cpp" />
		<Unit filename="src/g_doom/a_lostsoul.cpp" />
		<Unit filename="src/g_doom/a_painelemental.cpp" />
		<Unit filename="src/g_doom/a_possessed.cpp" />
		<Unit filename="src/g_doom/a_revenant.cpp" />
		<Unit filename="src/g_doom/a_scriptedmarine.cpp" />
		<Unit filename="src/g_doom/a_spidermaster.cpp" />
		<Unit filename="src/g_doom/doom_sbar.cpp" />
		<Unit filename="src/g_game.cpp" />
		<Unit filename="src/g_game.h" />
		<Unit filename="src/g_heretic/a_beast.cpp" />
		<Unit filename="src/g_heretic/a_chicken.cpp" />
		<Unit filename="src/g_heretic/a_clink.cpp" />
		<Unit filename="src/g_heretic/a_dsparil.cpp" />
		<Unit filename="src/g_heretic/a_hereticartifacts.cpp" />
		<Unit filename="src/g_heretic/a_hereticglobal.h" />
		<Unit filename="src/g_heretic/a_hereticimp.cpp" />
		<Unit filename="src/g_heretic/a_heretickeys.cpp" />
		<Unit filename="src/g_heretic/a_hereticmisc.cpp" />
		<Unit filename="src/g_heretic/a_hereticplayer.cpp" />
		<Unit filename="src/g_heretic/a_hereticweaps.cpp" />
		<Unit filename="src/g_heretic/a_ironlich.cpp" />
		<Unit filename="src/g_heretic/a_knight.cpp" />
		<Unit filename="src/g_heretic/a_mummy.cpp" />
		<Unit filename="src/g_heretic/a_snake.cpp" />
		<Unit filename="src/g_heretic/a_wizard.cpp" />
		<Unit filename="src/g_heretic/heretic_sbar.cpp" />
		<Unit filename="src/g_hexen/a_bats.cpp" />
		<Unit filename="src/g_hexen/a_bishop.cpp" />
		<Unit filename="src/g_hexen/a_blastradius.cpp" />
		<Unit filename="src/g_hexen/a_boostarmor.cpp" />
		<Unit filename="src/g_hexen/a_centaur.cpp" />
		<Unit filename="src/g_hexen/a_clericboss.cpp" />
		<Unit filename="src/g_hexen/a_clericflame.cpp" />
		<Unit filename="src/g_hexen/a_clericholy.cpp" />
		<Unit filename="src/g_hexen/a_clericmace.cpp" />
		<Unit filename="src/g_hexen/a_clericplayer.cpp" />
		<Unit filename="src/g_hexen/a_clericstaff.cpp" />
		<Unit filename="src/g_hexen/a_demons.cpp" />
		<Unit filename="src/g_hexen/a_dragon.cpp" />
		<Unit filename="src/g_hexen/a_ettin.cpp" />
		<Unit filename="src/g_hexen/a_fighteraxe.cpp" />
		<Unit filename="src/g_hexen/a_fighterboss.cpp" />
		<Unit filename="src/g_hexen/a_fighterhammer.cpp" />
		<Unit filename="src/g_hexen/a_fighterplayer.cpp" />
		<Unit filename="src/g_hexen/a_fighterquietus.cpp" />
		<Unit filename="src/g_hexen/a_firedemon.cpp" />
		<Unit filename="src/g_hexen/a_flechette.cpp" />
		<Unit filename="src/g_hexen/a_fog.cpp" />
		<Unit filename="src/g_hexen/a_healingradius.cpp" />
		<Unit filename="src/g_hexen/a_heresiarch.cpp" />
		<Unit filename="src/g_hexen/a_hexenglobal.h" />
		<Unit filename="src/g_hexen/a_hexenspecialdecs.cpp" />
		<Unit filename="src/g_hexen/a_iceguy.cpp" />
		<Unit filename="src/g_hexen/a_korax.cpp" />
		<Unit filename="src/g_hexen/a_mageboss.cpp" />
		<Unit filename="src/g_hexen/a_magecone.cpp" />
		<Unit filename="src/g_hexen/a_magelightning.cpp" />
		<Unit filename="src/g_hexen/a_mageplayer.cpp" />
		<Unit filename="src/g_hexen/a_magestaff.cpp" />
		<Unit filename="src/g_hexen/a_magewand.cpp" />
		<Unit filename="src/g_hexen/a_pig.cpp" />
		<Unit filename="src/g_hexen/a_puzzleitems.cpp" />
		<Unit filename="src/g_hexen/a_serpent.cpp" />
		<Unit filename="src/g_hexen/a_spike.cpp" />
		<Unit filename="src/g_hexen/a_summon.cpp" />
		<Unit filename="src/g_hexen/a_teleportother.cpp" />
		<Unit filename="src/g_hexen/a_weaponpieces.cpp" />
		<Unit filename="src/g_hexen/a_wraith.cpp" />
		<Unit filename="src/g_hexen/hexen_sbar.cpp" />
		<Unit filename="src/g_hub.cpp" />
		<Unit filename="src/g_hub.h" />
		<Unit filename="src/g_level.cpp" />
		<Unit filename="src/g_level.h" />
		<Unit filename="src/g_raven/a_artiegg.cpp" />
		<Unit filename="src/g_raven/a_artitele.cpp" />
		<Unit filename="src/g_raven/a_minotaur.cpp" />
		<Unit filename="src/g_raven/a_ravenambient.cpp" />
		<Unit filename="src/g_raven/ravenshared.h" />
		<Unit filename="src/g_shared/a_action.cpp" />
		<Unit filename="src/g_shared/a_action.h" />
		<Unit filename="src/g_shared/a_artifacts.cpp" />
		<Unit filename="src/g_shared/a_artifacts.h" />
		<Unit filename="src/g_shared/a_bridge.cpp" />
		<Unit filename="src/g_shared/a_camera.cpp" />
		<Unit filename="src/g_shared/a_debris.cpp" />
		<Unit filename="src/g_shared/a_decals.cpp" />
		<Unit filename="src/g_shared/a_flashfader.cpp" />
		<Unit filename="src/g_shared/a_fountain.cpp" />
		<Unit filename="src/g_shared/a_hatetarget.cpp" />
		<Unit filename="src/g_shared/a_keys.cpp" />
		<Unit filename="src/g_shared/a_keys.h" />
		<Unit filename="src/g_shared/a_lightning.cpp" />
		<Unit filename="src/g_shared/a_lightning.h" />
		<Unit filename="src/g_shared/a_movingcamera.cpp" />
		<Unit filename="src/g_shared/a_pickups.cpp" />
		<Unit filename="src/g_shared/a_pickups.h" />
		<Unit filename="src/g_shared/a_quake.cpp" />
		<Unit filename="src/g_shared/a_secrettrigger.cpp" />
		<Unit filename="src/g_shared/a_sectoraction.cpp" />
		<Unit filename="src/g_shared/a_sharedglobal.h" />
		<Unit filename="src/g_shared/a_sharedmisc.cpp" />
		<Unit filename="src/g_shared/a_skies.cpp" />
		<Unit filename="src/g_shared/a_soundenvironment.cpp" />
		<Unit filename="src/g_shared/a_soundsequence.cpp" />
		<Unit filename="src/g_shared/a_spark.cpp" />
		<Unit filename="src/g_shared/a_waterzone.cpp" />
		<Unit filename="src/g_shared/a_weaponpiece.cpp" />
		<Unit filename="src/g_shared/a_weaponpiece.h" />
		<Unit filename="src/g_shared/a_weapons.cpp" />
		<Unit filename="src/g_shared/hudmessages.cpp" />
		<Unit filename="src/g_shared/sbar.h" />
		<Unit filename="src/g_shared/shared_sbar.cpp" />
		<Unit filename="src/g_strife/a_acolyte.cpp" />
		<Unit filename="src/g_strife/a_alienspectres.cpp" />
		<Unit filename="src/g_strife/a_coin.cpp" />
		<Unit filename="src/g_strife/a_crusader.cpp" />
		<Unit filename="src/g_strife/a_entityboss.cpp" />
		<Unit filename="src/g_strife/a_inquisitor.cpp" />
		<Unit filename="src/g_strife/a_loremaster.cpp" />
		<Unit filename="src/g_strife/a_macil.cpp" />
		<Unit filename="src/g_strife/a_oracle.cpp" />
		<Unit filename="src/g_strife/a_programmer.cpp" />
		<Unit filename="src/g_strife/a_reaver.cpp" />
		<Unit filename="src/g_strife/a_rebels.cpp" />
		<Unit filename="src/g_strife/a_sentinel.cpp" />
		<Unit filename="src/g_strife/a_spectral.cpp" />
		<Unit filename="src/g_strife/a_stalker.cpp" />
		<Unit filename="src/g_strife/a_strifebishop.cpp" />
		<Unit filename="src/g_strife/a_strifeglobal.h" />
		<Unit filename="src/g_strife/a_strifeitems.cpp" />
		<Unit filename="src/g_strife/a_strifeplayer.cpp" />
		<Unit filename="src/g_strife/a_strifestuff.cpp" />
		<Unit filename="src/g_strife/a_strifeweapons.cpp" />
		<Unit filename="src/g_strife/a_templar.cpp" />
		<Unit filename="src/g_strife/a_thingstoblowup.cpp" />
		<Unit filename="src/g_strife/strife_sbar.cpp" />
		<Unit filename="src/gameconfigfile.cpp" />
		<Unit filename="src/gameconfigfile.h" />
		<Unit filename="src/gccinlines.h" />
		<Unit filename="src/gi.cpp" />
		<Unit filename="src/gi.h" />
		<Unit filename="src/gstrings.h" />
		<Unit filename="src/hu_scores.cpp" />
		<Unit filename="src/hu_stuff.h" />
		<Unit filename="src/i_cd.h" />
		<Unit filename="src/i_movie.h" />
		<Unit filename="src/i_net.cpp" />
		<Unit filename="src/i_net.h" />
		<Unit filename="src/i_video.h" />
		<Unit filename="src/info.cpp" />
		<Unit filename="src/info.h" />
		<Unit filename="src/infodefaults.cpp" />
		<Unit filename="src/infomacros.h" />
		<Unit filename="src/lists.h" />
		<Unit filename="src/lumpconfigfile.cpp" />
		<Unit filename="src/lumpconfigfile.h" />
		<Unit filename="src/m_alloc.cpp" />
		<Unit filename="src/m_alloc.h" />
		<Unit filename="src/m_argv.cpp" />
		<Unit filename="src/m_argv.h" />
		<Unit filename="src/m_bbox.cpp" />
		<Unit filename="src/m_bbox.h" />
		<Unit filename="src/m_cheat.cpp" />
		<Unit filename="src/m_cheat.h" />
		<Unit filename="src/m_crc32.h" />
		<Unit filename="src/m_fixed.h" />
		<Unit filename="src/m_menu.cpp" />
		<Unit filename="src/m_menu.h" />
		<Unit filename="src/m_misc.cpp" />
		<Unit filename="src/m_misc.h" />
		<Unit filename="src/m_options.cpp" />
		<Unit filename="src/m_png.cpp" />
		<Unit filename="src/m_png.h" />
		<Unit filename="src/m_random.cpp" />
		<Unit filename="src/m_random.h" />
		<Unit filename="src/m_swap.h" />
		<Unit filename="src/misc.nas">
			<Option compile="1" />
			<Option link="1" />
		</Unit>
		<Unit filename="src/mscinlines.h" />
		<Unit filename="src/mus2midi.cpp" />
		<Unit filename="src/mus2midi.h" />
		<Unit filename="src/name.cpp" />
		<Unit filename="src/name.h" />
		<Unit filename="src/namedef.h" />
		<Unit filename="src/nodebuild.cpp" />
		<Unit filename="src/nodebuild.h" />
		<Unit filename="src/nodebuild_classify_nosse2.cpp" />
		<Unit filename="src/nodebuild_classify_sse2.cpp" />
		<Unit filename="src/nodebuild_events.cpp" />
		<Unit filename="src/nodebuild_extract.cpp" />
		<Unit filename="src/nodebuild_gl.cpp" />
		<Unit filename="src/nodebuild_utility.cpp" />
		<Unit filename="src/oplsynth/deftypes.h" />
		<Unit filename="src/oplsynth/fmopl.cpp" />
		<Unit filename="src/oplsynth/fmopl.h" />
		<Unit filename="src/oplsynth/mlkernel.cpp" />
		<Unit filename="src/oplsynth/mlopl.cpp" />
		<Unit filename="src/oplsynth/mlopl_io.cpp" />
		<Unit filename="src/oplsynth/muslib.h" />
		<Unit filename="src/oplsynth/opl_mus_player.cpp" />
		<Unit filename="src/oplsynth/opl_mus_player.h" />
		<Unit filename="src/p_acs.cpp" />
		<Unit filename="src/p_acs.h" />
		<Unit filename="src/p_buildmap.cpp" />
		<Unit filename="src/p_ceiling.cpp" />
		<Unit filename="src/p_conversation.cpp" />
		<Unit filename="src/p_conversation.h" />
		<Unit filename="src/p_doors.cpp" />
		<Unit filename="src/p_effect.cpp" />
		<Unit filename="src/p_effect.h" />
		<Unit filename="src/p_enemy.cpp" />
		<Unit filename="src/p_enemy.h" />
		<Unit filename="src/p_floor.cpp" />
		<Unit filename="src/p_interaction.cpp" />
		<Unit filename="src/p_lights.cpp" />
		<Unit filename="src/p_lnspec.cpp" />
		<Unit filename="src/p_lnspec.h" />
		<Unit filename="src/p_local.h" />
		<Unit filename="src/p_map.cpp" />
		<Unit filename="src/p_maputl.cpp" />
		<Unit filename="src/p_mobj.cpp" />
		<Unit filename="src/p_pillar.cpp" />
		<Unit filename="src/p_plats.cpp" />
		<Unit filename="src/p_pspr.cpp" />
		<Unit filename="src/p_pspr.h" />
		<Unit filename="src/p_saveg.cpp" />
		<Unit filename="src/p_saveg.h" />
		<Unit filename="src/p_sectors.cpp" />
		<Unit filename="src/p_setup.cpp" />
		<Unit filename="src/p_setup.h" />
		<Unit filename="src/p_sight.cpp" />
		<Unit filename="src/p_spec.cpp" />
		<Unit filename="src/p_spec.h" />
		<Unit filename="src/p_switch.cpp" />
		<Unit filename="src/p_teleport.cpp" />
		<Unit filename="src/p_terrain.cpp" />
		<Unit filename="src/p_terrain.h" />
		<Unit filename="src/p_things.cpp" />
		<Unit filename="src/p_tick.cpp" />
		<Unit filename="src/p_tick.h" />
		<Unit filename="src/p_trace.cpp" />
		<Unit filename="src/p_trace.h" />
		<Unit filename="src/p_user.cpp" />
		<Unit filename="src/p_writemap.cpp" />
		<Unit filename="src/p_xlat.cpp" />
		<Unit filename="src/po_man.cpp" />
		<Unit filename="src/r_anim.cpp" />
		<Unit filename="src/r_bsp.cpp" />
		<Unit filename="src/r_bsp.h" />
		<Unit filename="src/r_data.cpp" />
		<Unit filename="src/r_data.h" />
		<Unit filename="src/r_defs.h" />
		<Unit filename="src/r_draw.cpp" />
		<Unit filename="src/r_draw.h" />
		<Unit filename="src/r_drawt.cpp" />
		<Unit filename="src/r_local.h" />
		<Unit filename="src/r_main.cpp" />
		<Unit filename="src/r_main.h" />
		<Unit filename="src/r_plane.cpp" />
		<Unit filename="src/r_plane.h" />
		<Unit filename="src/r_polymost.cpp" />
		<Unit filename="src/r_polymost.h" />
		<Unit filename="src/r_segs.cpp" />
		<Unit filename="src/r_segs.h" />
		<Unit filename="src/r_sky.cpp" />
		<Unit filename="src/r_sky.h" />
		<Unit filename="src/r_state.h" />
		<Unit filename="src/r_things.cpp" />
		<Unit filename="src/r_things.h" />
		<Unit filename="src/s_advsound.cpp" />
		<Unit filename="src/s_environment.cpp" />
		<Unit filename="src/s_playlist.cpp" />
		<Unit filename="src/s_playlist.h" />
		<Unit filename="src/s_sndseq.cpp" />
		<Unit filename="src/s_sndseq.h" />
		<Unit filename="src/s_sound.cpp" />
		<Unit filename="src/s_sound.h" />
		<Unit filename="src/sc_man.cpp" />
		<Unit filename="src/sc_man.h" />
		<Unit filename="src/sc_man_scanner.h" />
		<Unit filename="src/sc_man_scanner.re" />
		<Unit filename="src/sdl/crashcatcher.c">
			<Option compilerVar="CC" />
			<Option target="&lt;{~None~}&gt;" />
		</Unit>
		<Unit filename="src/sdl/dikeys.h">
			<Option target="&lt;{~None~}&gt;" />
		</Unit>
		<Unit filename="src/sdl/hardware.cpp">
			<Option target="&lt;{~None~}&gt;" />
		</Unit>
		<Unit filename="src/sdl/hardware.h">
			<Option target="&lt;{~None~}&gt;" />
		</Unit>
		<Unit filename="src/sdl/i_cd.cpp">
			<Option target="&lt;{~None~}&gt;" />
		</Unit>
		<Unit filename="src/sdl/i_input.cpp">
			<Option target="&lt;{~None~}&gt;" />
		</Unit>
		<Unit filename="src/sdl/i_input.h">
			<Option target="&lt;{~None~}&gt;" />
		</Unit>
		<Unit filename="src/sdl/i_main.cpp">
			<Option target="&lt;{~None~}&gt;" />
		</Unit>
		<Unit filename="src/sdl/i_movie.cpp">
			<Option target="&lt;{~None~}&gt;" />
		</Unit>
		<Unit filename="src/sdl/i_system.cpp">
			<Option target="&lt;{~None~}&gt;" />
		</Unit>
		<Unit filename="src/sdl/i_system.h">
			<Option target="&lt;{~None~}&gt;" />
		</Unit>
		<Unit filename="src/sdl/i_video.h">
			<Option target="&lt;{~None~}&gt;" />
		</Unit>
		<Unit filename="src/sdl/sdlvideo.cpp">
			<Option target="&lt;{~None~}&gt;" />
		</Unit>
		<Unit filename="src/sdl/sdlvideo.h">
			<Option target="&lt;{~None~}&gt;" />
		</Unit>
		<Unit filename="src/skins.cpp" />
		<Unit filename="src/skins.h" />
		<Unit filename="src/sound/altsound.cpp" />
		<Unit filename="src/sound/altsound.h" />
		<Unit filename="src/sound/altsoundmixer.cpp" />
		<Unit filename="src/sound/fmodsound.cpp" />
		<Unit filename="src/sound/fmodsound.h" />
		<Unit filename="src/sound/i_music.cpp" />
		<Unit filename="src/sound/i_music.h" />
		<Unit filename="src/sound/i_musicinterns.h" />
		<Unit filename="src/sound/i_sound.cpp" />
		<Unit filename="src/sound/i_sound.h" />
		<Unit filename="src/sound/music_cd.cpp" />
		<Unit filename="src/sound/music_flac.cpp" />
		<Unit filename="src/sound/music_midi_midiout.cpp" />
		<Unit filename="src/sound/music_midi_stream.cpp" />
		<Unit filename="src/sound/music_midi_timidity.cpp" />
		<Unit filename="src/sound/music_mod.cpp" />
		<Unit filename="src/sound/music_mus_midiout.cpp" />
		<Unit filename="src/sound/music_mus_opl.cpp" />
		<Unit filename="src/sound/music_spc.cpp" />
		<Unit filename="src/sound/music_stream.cpp" />
		<Unit filename="src/sound/sample_flac.cpp" />
		<Unit filename="src/sound/sample_flac.h" />
		<Unit filename="src/st_stuff.cpp" />
		<Unit filename="src/st_stuff.h" />
		<Unit filename="src/statnums.h" />
		<Unit filename="src/stats.cpp" />
		<Unit filename="src/stats.h" />
		<Unit filename="src/stringtable.cpp" />
		<Unit filename="src/stringtable.h" />
		<Unit filename="src/tables.cpp" />
		<Unit filename="src/tables.h" />
		<Unit filename="src/tarray.h" />
		<Unit filename="src/tempfiles.cpp" />
		<Unit filename="src/tempfiles.h" />
		<Unit filename="src/templates.h" />
		<Unit filename="src/thingdef.cpp" />
		<Unit filename="src/thingdef.h" />
		<Unit filename="src/thingdef_codeptr.cpp" />
		<Unit filename="src/thingdef_exp.cpp" />
		<Unit filename="src/tmap.nas">
			<Option compile="1" />
			<Option link="1" />
		</Unit>
		<Unit filename="src/tmap2.nas">
			<Option compile="1" />
			<Option link="1" />
		</Unit>
		<Unit filename="src/tmap3.nas">
			<Option compile="1" />
			<Option link="1" />
		</Unit>
		<Unit filename="src/v_collection.cpp" />
		<Unit filename="src/v_collection.h" />
		<Unit filename="src/v_draw.cpp" />
		<Unit filename="src/v_font.cpp" />
		<Unit filename="src/v_font.h" />
		<Unit filename="src/v_palette.cpp" />
		<Unit filename="src/v_palette.h" />
		<Unit filename="src/v_pfx.cpp" />
		<Unit filename="src/v_pfx.h" />
		<Unit filename="src/v_text.cpp" />
		<Unit filename="src/v_text.h" />
		<Unit filename="src/v_video.cpp" />
		<Unit filename="src/v_video.h" />
		<Unit filename="src/vectors.cpp" />
		<Unit filename="src/vectors.h" />
		<Unit filename="src/version.h" />
		<Unit filename="src/w_wad.cpp" />
		<Unit filename="src/w_wad.h" />
		<Unit filename="src/w_zip.h" />
		<Unit filename="src/weightedlist.h" />
		<Unit filename="src/wi_stuff.cpp" />
		<Unit filename="src/wi_stuff.h" />
		<Unit filename="src/win32/boing1.ico" />
		<Unit filename="src/win32/boing2.ico" />
		<Unit filename="src/win32/boing3.ico" />
		<Unit filename="src/win32/boing4.ico" />
		<Unit filename="src/win32/boing5.ico" />
		<Unit filename="src/win32/boing6.ico" />
		<Unit filename="src/win32/boing7.ico" />
		<Unit filename="src/win32/boing8.ico" />
		<Unit filename="src/win32/cursor1.cur" />
		<Unit filename="src/win32/deadguy.bmp" />
		<Unit filename="src/win32/eaxedit.cpp" />
		<Unit filename="src/win32/hardware.cpp" />
		<Unit filename="src/win32/hardware.h" />
		<Unit filename="src/win32/helperthread.cpp" />
		<Unit filename="src/win32/helperthread.h" />
		<Unit filename="src/win32/i_cd.cpp" />
		<Unit filename="src/win32/i_crash.cpp" />
		<Unit filename="src/win32/i_input.cpp" />
		<Unit filename="src/win32/i_input.h" />
		<Unit filename="src/win32/i_main.cpp" />
		<Unit filename="src/win32/i_movie.cpp" />
		<Unit filename="src/win32/i_system.cpp" />
		<Unit filename="src/win32/i_system.h" />
		<Unit filename="src/win32/icon1.ico" />
		<Unit filename="src/win32/icon2.ico" />
		<Unit filename="src/win32/resource.h" />
		<Unit filename="src/win32/win32iface.h" />
		<Unit filename="src/win32/win32video.cpp" />
		<Unit filename="src/win32/zdoom.rc">
			<Option compilerVar="WINDRES" />
		</Unit>
		<Unit filename="src/x64inlines.h" />
		<Unit filename="src/zstrformat.cpp" />
		<Unit filename="src/zstring.cpp" />
		<Unit filename="src/zstring.h" />
		<Extensions>
			<code_completion />
			<envvars />
			<debugger />
		</Extensions>
	</Project>
</CodeBlocks_project_file>
